{
  "lockfileVersion": 1,
  "workspaces": {
    "": {
      "dependencies": {
        "@node-rs/argon2": "^2.0.2",
        "@prisma/client": "^6.10.1",
        "@scure/base": "^1.2.6",
        "hono": "^4.8.3",
        "jose": "^6.0.11",
        "prisma": "^6.10.1",
        "radashi": "^12.6.0",
        "uuid": "^11.1.0",
        "zod": "^3.25.67",
      },
      "devDependencies": {
        "@types/bun": "^1.2.17",
      },
    },
  },
  "packages": {
    "@emnapi/core": ["@emnapi/core@1.4.3", "https://registry.npmmirror.com/@emnapi/core/-/core-1.4.3.tgz", { "dependencies": { "@emnapi/wasi-threads": "1.0.2", "tslib": "^2.4.0" } }, "sha512-4m62DuCE07lw01soJwPiBGC0nAww0Q+RY70VZ+n49yDIO13yyinhbWCeNnaob0lakDtWQzSdtNWzJeOJt2ma+g=="],

    "@emnapi/runtime": ["@emnapi/runtime@1.4.3", "https://registry.npmmirror.com/@emnapi/runtime/-/runtime-1.4.3.tgz", { "dependencies": { "tslib": "^2.4.0" } }, "sha512-pBPWdu6MLKROBX05wSNKcNb++m5Er+KQ9QkB+WVM+pW2Kx9hoSrVTnu3BdkI5eBLZoKu/J6mW/B6i6bJB2ytXQ=="],

    "@emnapi/wasi-threads": ["@emnapi/wasi-threads@1.0.2", "https://registry.npmmirror.com/@emnapi/wasi-threads/-/wasi-threads-1.0.2.tgz", { "dependencies": { "tslib": "^2.4.0" } }, "sha512-5n3nTJblwRi8LlXkJ9eBzu+kZR8Yxcc7ubakyQTFzPMtIhFpUBRbsnc2Dv88IZDIbCDlBiWrknhB4Lsz7mg6BA=="],

    "@napi-rs/wasm-runtime": ["@napi-rs/wasm-runtime@0.2.11", "https://registry.npmmirror.com/@napi-rs/wasm-runtime/-/wasm-runtime-0.2.11.tgz", { "dependencies": { "@emnapi/core": "^1.4.3", "@emnapi/runtime": "^1.4.3", "@tybys/wasm-util": "^0.9.0" } }, "sha512-9DPkXtvHydrcOsopiYpUgPHpmj0HWZKMUnL2dZqpvC42lsratuBG06V5ipyno0fUek5VlFsNQ+AcFATSrJXgMA=="],

    "@node-rs/argon2": ["@node-rs/argon2@2.0.2", "https://registry.npmmirror.com/@node-rs/argon2/-/argon2-2.0.2.tgz", { "optionalDependencies": { "@node-rs/argon2-android-arm-eabi": "2.0.2", "@node-rs/argon2-android-arm64": "2.0.2", "@node-rs/argon2-darwin-arm64": "2.0.2", "@node-rs/argon2-darwin-x64": "2.0.2", "@node-rs/argon2-freebsd-x64": "2.0.2", "@node-rs/argon2-linux-arm-gnueabihf": "2.0.2", "@node-rs/argon2-linux-arm64-gnu": "2.0.2", "@node-rs/argon2-linux-arm64-musl": "2.0.2", "@node-rs/argon2-linux-x64-gnu": "2.0.2", "@node-rs/argon2-linux-x64-musl": "2.0.2", "@node-rs/argon2-wasm32-wasi": "2.0.2", "@node-rs/argon2-win32-arm64-msvc": "2.0.2", "@node-rs/argon2-win32-ia32-msvc": "2.0.2", "@node-rs/argon2-win32-x64-msvc": "2.0.2" } }, "sha512-t64wIsPEtNd4aUPuTAyeL2ubxATCBGmeluaKXEMAFk/8w6AJIVVkeLKMBpgLW6LU2t5cQxT+env/c6jxbtTQBg=="],

    "@node-rs/argon2-android-arm-eabi": ["@node-rs/argon2-android-arm-eabi@2.0.2", "https://registry.npmmirror.com/@node-rs/argon2-android-arm-eabi/-/argon2-android-arm-eabi-2.0.2.tgz", { "os": "android", "cpu": "arm" }, "sha512-DV/H8p/jt40lrao5z5g6nM9dPNPGEHL+aK6Iy/og+dbL503Uj0AHLqj1Hk9aVUSCNnsDdUEKp4TVMi0YakDYKw=="],

    "@node-rs/argon2-android-arm64": ["@node-rs/argon2-android-arm64@2.0.2", "https://registry.npmmirror.com/@node-rs/argon2-android-arm64/-/argon2-android-arm64-2.0.2.tgz", { "os": "android", "cpu": "arm64" }, "sha512-1LKwskau+8O1ktKx7TbK7jx1oMOMt4YEXZOdSNIar1TQKxm6isZ0cRXgHLibPHEcNHgYRsJWDE9zvDGBB17QDg=="],

    "@node-rs/argon2-darwin-arm64": ["@node-rs/argon2-darwin-arm64@2.0.2", "https://registry.npmmirror.com/@node-rs/argon2-darwin-arm64/-/argon2-darwin-arm64-2.0.2.tgz", { "os": "darwin", "cpu": "arm64" }, "sha512-3TTNL/7wbcpNju5YcqUrCgXnXUSbD7ogeAKatzBVHsbpjZQbNb1NDxDjqqrWoTt6XL3z9mJUMGwbAk7zQltHtA=="],

    "@node-rs/argon2-darwin-x64": ["@node-rs/argon2-darwin-x64@2.0.2", "https://registry.npmmirror.com/@node-rs/argon2-darwin-x64/-/argon2-darwin-x64-2.0.2.tgz", { "os": "darwin", "cpu": "x64" }, "sha512-vNPfkLj5Ij5111UTiYuwgxMqE7DRbOS2y58O2DIySzSHbcnu+nipmRKg+P0doRq6eKIJStyBK8dQi5Ic8pFyDw=="],

    "@node-rs/argon2-freebsd-x64": ["@node-rs/argon2-freebsd-x64@2.0.2", "https://registry.npmmirror.com/@node-rs/argon2-freebsd-x64/-/argon2-freebsd-x64-2.0.2.tgz", { "os": "freebsd", "cpu": "x64" }, "sha512-M8vQZk01qojQfCqQU0/O1j1a4zPPrz93zc9fSINY7Q/6RhQRBCYwDw7ltDCZXg5JRGlSaeS8cUXWyhPGar3cGg=="],

    "@node-rs/argon2-linux-arm-gnueabihf": ["@node-rs/argon2-linux-arm-gnueabihf@2.0.2", "https://registry.npmmirror.com/@node-rs/argon2-linux-arm-gnueabihf/-/argon2-linux-arm-gnueabihf-2.0.2.tgz", { "os": "linux", "cpu": "arm" }, "sha512-7EmmEPHLzcu0G2GDh30L6G48CH38roFC2dqlQJmtRCxs6no3tTE/pvgBGatTp/o2n2oyOJcfmgndVFcUpwMnww=="],

    "@node-rs/argon2-linux-arm64-gnu": ["@node-rs/argon2-linux-arm64-gnu@2.0.2", "https://registry.npmmirror.com/@node-rs/argon2-linux-arm64-gnu/-/argon2-linux-arm64-gnu-2.0.2.tgz", { "os": "linux", "cpu": "arm64" }, "sha512-6lsYh3Ftbk+HAIZ7wNuRF4SZDtxtFTfK+HYFAQQyW7Ig3LHqasqwfUKRXVSV5tJ+xTnxjqgKzvZSUJCAyIfHew=="],

    "@node-rs/argon2-linux-arm64-musl": ["@node-rs/argon2-linux-arm64-musl@2.0.2", "https://registry.npmmirror.com/@node-rs/argon2-linux-arm64-musl/-/argon2-linux-arm64-musl-2.0.2.tgz", { "os": "linux", "cpu": "arm64" }, "sha512-p3YqVMNT/4DNR67tIHTYGbedYmXxW9QlFmF39SkXyEbGQwpgSf6pH457/fyXBIYznTU/smnG9EH+C1uzT5j4hA=="],

    "@node-rs/argon2-linux-x64-gnu": ["@node-rs/argon2-linux-x64-gnu@2.0.2", "https://registry.npmmirror.com/@node-rs/argon2-linux-x64-gnu/-/argon2-linux-x64-gnu-2.0.2.tgz", { "os": "linux", "cpu": "x64" }, "sha512-ZM3jrHuJ0dKOhvA80gKJqBpBRmTJTFSo2+xVZR+phQcbAKRlDMSZMFDiKbSTnctkfwNFtjgDdh5g1vaEV04AvA=="],

    "@node-rs/argon2-linux-x64-musl": ["@node-rs/argon2-linux-x64-musl@2.0.2", "https://registry.npmmirror.com/@node-rs/argon2-linux-x64-musl/-/argon2-linux-x64-musl-2.0.2.tgz", { "os": "linux", "cpu": "x64" }, "sha512-of5uPqk7oCRF/44a89YlWTEfjsftPywyTULwuFDKyD8QtVZoonrJR6ZWvfFE/6jBT68S0okAkAzzMEdBVWdxWw=="],

    "@node-rs/argon2-wasm32-wasi": ["@node-rs/argon2-wasm32-wasi@2.0.2", "https://registry.npmmirror.com/@node-rs/argon2-wasm32-wasi/-/argon2-wasm32-wasi-2.0.2.tgz", { "dependencies": { "@napi-rs/wasm-runtime": "^0.2.5" }, "cpu": "none" }, "sha512-U3PzLYKSQYzTERstgtHLd4ZTkOF9co57zTXT77r0cVUsleGZOrd6ut7rHzeWwoJSiHOVxxa0OhG1JVQeB7lLoQ=="],

    "@node-rs/argon2-win32-arm64-msvc": ["@node-rs/argon2-win32-arm64-msvc@2.0.2", "https://registry.npmmirror.com/@node-rs/argon2-win32-arm64-msvc/-/argon2-win32-arm64-msvc-2.0.2.tgz", { "os": "win32", "cpu": "arm64" }, "sha512-Eisd7/NM0m23ijrGr6xI2iMocdOuyl6gO27gfMfya4C5BODbUSP7ljKJ7LrA0teqZMdYHesRDzx36Js++/vhiQ=="],

    "@node-rs/argon2-win32-ia32-msvc": ["@node-rs/argon2-win32-ia32-msvc@2.0.2", "https://registry.npmmirror.com/@node-rs/argon2-win32-ia32-msvc/-/argon2-win32-ia32-msvc-2.0.2.tgz", { "os": "win32", "cpu": "ia32" }, "sha512-GsE2ezwAYwh72f9gIjbGTZOf4HxEksb5M2eCaj+Y5rGYVwAdt7C12Q2e9H5LRYxWcFvLH4m4jiSZpQQ4upnPAQ=="],

    "@node-rs/argon2-win32-x64-msvc": ["@node-rs/argon2-win32-x64-msvc@2.0.2", "https://registry.npmmirror.com/@node-rs/argon2-win32-x64-msvc/-/argon2-win32-x64-msvc-2.0.2.tgz", { "os": "win32", "cpu": "x64" }, "sha512-cJxWXanH4Ew9CfuZ4IAEiafpOBCe97bzoKowHCGk5lG/7kR4WF/eknnBlHW9m8q7t10mKq75kruPLtbSDqgRTw=="],

    "@prisma/client": ["@prisma/client@6.10.1", "https://registry.npmmirror.com/@prisma/client/-/client-6.10.1.tgz", { "peerDependencies": { "prisma": "*", "typescript": ">=5.1.0" }, "optionalPeers": ["prisma", "typescript"] }, "sha512-Re4pMlcUsQsUTAYMK7EJ4Bw2kg3WfZAAlr8GjORJaK4VOP6LxRQUQ1TuLnxcF42XqGkWQ36q5CQF1yVadANQ6w=="],

    "@prisma/config": ["@prisma/config@6.10.1", "https://registry.npmmirror.com/@prisma/config/-/config-6.10.1.tgz", { "dependencies": { "jiti": "2.4.2" } }, "sha512-kz4/bnqrOrzWo8KzYguN0cden4CzLJJ+2VSpKtF8utHS3l1JS0Lhv6BLwpOX6X9yNreTbZQZwewb+/BMPDCIYQ=="],

    "@prisma/debug": ["@prisma/debug@6.10.1", "https://registry.npmmirror.com/@prisma/debug/-/debug-6.10.1.tgz", {}, "sha512-k2YT53cWxv9OLjW4zSYTZ6Z7j0gPfCzcr2Mj99qsuvlxr8WAKSZ2NcSR0zLf/mP4oxnYG842IMj3utTgcd7CaA=="],

    "@prisma/engines": ["@prisma/engines@6.10.1", "https://registry.npmmirror.com/@prisma/engines/-/engines-6.10.1.tgz", { "dependencies": { "@prisma/debug": "6.10.1", "@prisma/engines-version": "6.10.1-1.9b628578b3b7cae625e8c927178f15a170e74a9c", "@prisma/fetch-engine": "6.10.1", "@prisma/get-platform": "6.10.1" } }, "sha512-Q07P5rS2iPwk2IQr/rUQJ42tHjpPyFcbiH7PXZlV81Ryr9NYIgdxcUrwgVOWVm5T7ap02C0dNd1dpnNcSWig8A=="],

    "@prisma/engines-version": ["@prisma/engines-version@6.10.1-1.9b628578b3b7cae625e8c927178f15a170e74a9c", "https://registry.npmmirror.com/@prisma/engines-version/-/engines-version-6.10.1-1.9b628578b3b7cae625e8c927178f15a170e74a9c.tgz", {}, "sha512-ZJFTsEqapiTYVzXya6TUKYDFnSWCNegfUiG5ik9fleQva5Sk3DNyyUi7X1+0ZxWFHwHDr6BZV5Vm+iwP+LlciA=="],

    "@prisma/fetch-engine": ["@prisma/fetch-engine@6.10.1", "https://registry.npmmirror.com/@prisma/fetch-engine/-/fetch-engine-6.10.1.tgz", { "dependencies": { "@prisma/debug": "6.10.1", "@prisma/engines-version": "6.10.1-1.9b628578b3b7cae625e8c927178f15a170e74a9c", "@prisma/get-platform": "6.10.1" } }, "sha512-clmbG/Jgmrc/n6Y77QcBmAUlq9LrwI9Dbgy4pq5jeEARBpRCWJDJ7PWW1P8p0LfFU0i5fsyO7FqRzRB8mkdS4g=="],

    "@prisma/get-platform": ["@prisma/get-platform@6.10.1", "https://registry.npmmirror.com/@prisma/get-platform/-/get-platform-6.10.1.tgz", { "dependencies": { "@prisma/debug": "6.10.1" } }, "sha512-4CY5ndKylcsce9Mv+VWp5obbR2/86SHOLVV053pwIkhVtT9C9A83yqiqI/5kJM9T1v1u1qco/bYjDKycmei9HA=="],

    "@scure/base": ["@scure/base@1.2.6", "https://registry.npmmirror.com/@scure/base/-/base-1.2.6.tgz", {}, "sha512-g/nm5FgUa//MCj1gV09zTJTaM6KBAHqLN907YVQqf7zC49+DcO4B1so4ZX07Ef10Twr6nuqYEH9GEggFXA4Fmg=="],

    "@tybys/wasm-util": ["@tybys/wasm-util@0.9.0", "https://registry.npmmirror.com/@tybys/wasm-util/-/wasm-util-0.9.0.tgz", { "dependencies": { "tslib": "^2.4.0" } }, "sha512-6+7nlbMVX/PVDCwaIQ8nTOPveOcFLSt8GcXdx8hD0bt39uWxYT88uXzqTd4fTvqta7oeUJqudepapKNt2DYJFw=="],

    "@types/bun": ["@types/bun@1.2.17", "https://registry.npmmirror.com/@types/bun/-/bun-1.2.17.tgz", { "dependencies": { "bun-types": "1.2.17" } }, "sha512-l/BYs/JYt+cXA/0+wUhulYJB6a6p//GTPiJ7nV+QHa8iiId4HZmnu/3J/SowP5g0rTiERY2kfGKXEK5Ehltx4Q=="],

    "@types/node": ["@types/node@24.0.8", "https://registry.npmmirror.com/@types/node/-/node-24.0.8.tgz", { "dependencies": { "undici-types": "~7.8.0" } }, "sha512-WytNrFSgWO/esSH9NbpWUfTMGQwCGIKfCmNlmFDNiI5gGhgMmEA+V1AEvKLeBNvvtBnailJtkrEa2OIISwrVAA=="],

    "bun-types": ["bun-types@1.2.17", "https://registry.npmmirror.com/bun-types/-/bun-types-1.2.17.tgz", { "dependencies": { "@types/node": "*" } }, "sha512-ElC7ItwT3SCQwYZDYoAH+q6KT4Fxjl8DtZ6qDulUFBmXA8YB4xo+l54J9ZJN+k2pphfn9vk7kfubeSd5QfTVJQ=="],

    "hono": ["hono@4.8.3", "https://registry.npmmirror.com/hono/-/hono-4.8.3.tgz", {}, "sha512-jYZ6ZtfWjzBdh8H/0CIFfCBHaFL75k+KMzaM177hrWWm2TWL39YMYaJgB74uK/niRc866NMlH9B8uCvIo284WQ=="],

    "jiti": ["jiti@2.4.2", "https://registry.npmmirror.com/jiti/-/jiti-2.4.2.tgz", { "bin": { "jiti": "lib/jiti-cli.mjs" } }, "sha512-rg9zJN+G4n2nfJl5MW3BMygZX56zKPNVEYYqq7adpmMh4Jn2QNEwhvQlFy6jPVdcod7txZtKHWnyZiA3a0zP7A=="],

    "jose": ["jose@6.0.11", "https://registry.npmmirror.com/jose/-/jose-6.0.11.tgz", {}, "sha512-QxG7EaliDARm1O1S8BGakqncGT9s25bKL1WSf6/oa17Tkqwi8D2ZNglqCF+DsYF88/rV66Q/Q2mFAy697E1DUg=="],

    "prisma": ["prisma@6.10.1", "https://registry.npmmirror.com/prisma/-/prisma-6.10.1.tgz", { "dependencies": { "@prisma/config": "6.10.1", "@prisma/engines": "6.10.1" }, "peerDependencies": { "typescript": ">=5.1.0" }, "optionalPeers": ["typescript"], "bin": { "prisma": "build/index.js" } }, "sha512-khhlC/G49E4+uyA3T3H5PRBut486HD2bDqE2+rvkU0pwk9IAqGFacLFUyIx9Uw+W2eCtf6XGwsp+/strUwMNPw=="],

    "radashi": ["radashi@12.6.0", "https://registry.npmmirror.com/radashi/-/radashi-12.6.0.tgz", {}, "sha512-nJcpgS3La+yRlxm4bLjCcjsi1G5VeOycSo8nt5BzSEDWqSY0XNAUAwckvCa8uMHXtZqCK8fntJPXPlLve+vKhA=="],

    "tslib": ["tslib@2.8.1", "https://registry.npmmirror.com/tslib/-/tslib-2.8.1.tgz", {}, "sha512-oJFu94HQb+KVduSUQL7wnpmqnfmLsOA/nAh6b6EH0wCEoK0/mPeXU6c3wKDV83MkOuHPRHtSXKKU99IBazS/2w=="],

    "typescript": ["typescript@5.8.3", "https://registry.npmmirror.com/typescript/-/typescript-5.8.3.tgz", { "bin": { "tsc": "bin/tsc", "tsserver": "bin/tsserver" } }, "sha512-p1diW6TqL9L07nNxvRMM7hMMw4c5XOo/1ibL4aAIGmSAt9slTE1Xgw5KWuof2uTOvCg9BY7ZRi+GaF+7sfgPeQ=="],

    "undici-types": ["undici-types@7.8.0", "https://registry.npmmirror.com/undici-types/-/undici-types-7.8.0.tgz", {}, "sha512-9UJ2xGDvQ43tYyVMpuHlsgApydB8ZKfVYTsLDhXkFL/6gfkp+U8xTGdh8pMJv1SpZna0zxG1DwsKZsreLbXBxw=="],

    "uuid": ["uuid@11.1.0", "https://registry.npmmirror.com/uuid/-/uuid-11.1.0.tgz", { "bin": { "uuid": "dist/esm/bin/uuid" } }, "sha512-0/A9rDy9P7cJ+8w1c9WD9V//9Wj15Ce2MPz8Ri6032usz+NfePxx5AcN3bN+r6ZL6jEo066/yNYB3tn4pQEx+A=="],

    "zod": ["zod@3.25.67", "https://registry.npmmirror.com/zod/-/zod-3.25.67.tgz", {}, "sha512-idA2YXwpCdqUSKRCACDE6ItZD9TZzy3OZMtpfLoh6oPR47lipysRrJfjzMqFxQ3uJuUPyUeWe1r9vLH33xO/Qw=="],
  }
}
