{
  "lockfileVersion": 1,
  "workspaces": {
    "": {
      "devDependencies": {
        "@prettier/plugin-oxc": "^0.0.4",
        "@prisma/client": "^6.11.1",
        "@scure/base": "^1.2.6",
        "@tsconfig/bun": "^1.0.8",
        "@types/bun": "^1.2.18",
        "date-fns": "^4.1.0",
        "emittery": "^1.2.0",
        "hono": "^4.8.4",
        "lru-cache": "^11.1.0",
        "ofetch": "^1.4.1",
        "oxlint": "^1.6.0",
        "prettier": "^3.6.2",
        "prisma": "^6.11.1",
        "radashi": "^12.6.0",
        "uuid": "^11.1.0",
        "zod": "^4.0.5",
      },
    },
  },
  "packages": {
    "@emnapi/core": ["@emnapi/core@1.4.4", "https://registry.npmmirror.com/@emnapi/core/-/core-1.4.4.tgz", { "dependencies": { "@emnapi/wasi-threads": "1.0.3", "tslib": "^2.4.0" } }, "sha512-A9CnAbC6ARNMKcIcrQwq6HeHCjpcBZ5wSx4U01WXCqEKlrzB9F9315WDNHkrs2xbx7YjjSxbUYxuN6EQzpcY2g=="],

    "@emnapi/runtime": ["@emnapi/runtime@1.4.4", "https://registry.npmmirror.com/@emnapi/runtime/-/runtime-1.4.4.tgz", { "dependencies": { "tslib": "^2.4.0" } }, "sha512-hHyapA4A3gPaDCNfiqyZUStTMqIkKRshqPIuDOXv1hcBnD4U3l8cP0T1HMCfGRxQ6V64TGCcoswChANyOAwbQg=="],

    "@emnapi/wasi-threads": ["@emnapi/wasi-threads@1.0.3", "https://registry.npmmirror.com/@emnapi/wasi-threads/-/wasi-threads-1.0.3.tgz", { "dependencies": { "tslib": "^2.4.0" } }, "sha512-8K5IFFsQqF9wQNJptGbS6FNKgUTsSRYnTqNCG1vPP8jFdjSv18n2mQfJpkt2Oibo9iBEzcDnDxNwKTzC7svlJw=="],

    "@napi-rs/wasm-runtime": ["@napi-rs/wasm-runtime@0.2.12", "https://registry.npmmirror.com/@napi-rs/wasm-runtime/-/wasm-runtime-0.2.12.tgz", { "dependencies": { "@emnapi/core": "^1.4.3", "@emnapi/runtime": "^1.4.3", "@tybys/wasm-util": "^0.10.0" } }, "sha512-ZVWUcfwY4E/yPitQJl481FjFo3K22D6qF0DuFH6Y/nbnE11GY5uguDxZMGXPQ8WQ0128MXQD7TnfHyK4oWoIJQ=="],

    "@oxc-parser/binding-android-arm64": ["@oxc-parser/binding-android-arm64@0.74.0", "https://registry.npmmirror.com/@oxc-parser/binding-android-arm64/-/binding-android-arm64-0.74.0.tgz", { "os": "android", "cpu": "arm64" }, "sha512-lgq8TJq22eyfojfa2jBFy2m66ckAo7iNRYDdyn9reXYA3I6Wx7tgGWVx1JAp1lO+aUiqdqP/uPlDaETL9tqRcg=="],

    "@oxc-parser/binding-darwin-arm64": ["@oxc-parser/binding-darwin-arm64@0.74.0", "https://registry.npmmirror.com/@oxc-parser/binding-darwin-arm64/-/binding-darwin-arm64-0.74.0.tgz", { "os": "darwin", "cpu": "arm64" }, "sha512-xbY/io/hkARggbpYEMFX6CwFzb7f4iS6WuBoBeZtdqRWfIEi7sm/uYWXfyVeB8uqOATvJ07WRFC2upI8PSI83g=="],

    "@oxc-parser/binding-darwin-x64": ["@oxc-parser/binding-darwin-x64@0.74.0", "https://registry.npmmirror.com/@oxc-parser/binding-darwin-x64/-/binding-darwin-x64-0.74.0.tgz", { "os": "darwin", "cpu": "x64" }, "sha512-FIj2gAGtFaW0Zk+TnGyenMUoRu1ju+kJ/h71D77xc1owOItbFZFGa+4WSVck1H8rTtceeJlK+kux+vCjGFCl9Q=="],

    "@oxc-parser/binding-freebsd-x64": ["@oxc-parser/binding-freebsd-x64@0.74.0", "https://registry.npmmirror.com/@oxc-parser/binding-freebsd-x64/-/binding-freebsd-x64-0.74.0.tgz", { "os": "freebsd", "cpu": "x64" }, "sha512-W1I+g5TJg0TRRMHgEWNWsTIfe782V3QuaPgZxnfPNmDMywYdtlzllzclBgaDq6qzvZCCQc/UhvNb37KWTCTj8A=="],

    "@oxc-parser/binding-linux-arm-gnueabihf": ["@oxc-parser/binding-linux-arm-gnueabihf@0.74.0", "https://registry.npmmirror.com/@oxc-parser/binding-linux-arm-gnueabihf/-/binding-linux-arm-gnueabihf-0.74.0.tgz", { "os": "linux", "cpu": "arm" }, "sha512-gxqkyRGApeVI8dgvJ19SYe59XASW3uVxF1YUgkE7peW/XIg5QRAOVTFKyTjI9acYuK1MF6OJHqx30cmxmZLtiQ=="],

    "@oxc-parser/binding-linux-arm-musleabihf": ["@oxc-parser/binding-linux-arm-musleabihf@0.74.0", "https://registry.npmmirror.com/@oxc-parser/binding-linux-arm-musleabihf/-/binding-linux-arm-musleabihf-0.74.0.tgz", { "os": "linux", "cpu": "arm" }, "sha512-jpnAUP4Fa93VdPPDzxxBguJmldj/Gpz7wTXKFzpAueqBMfZsy9KNC+0qT2uZ9HGUDMzNuKw0Se3bPCpL/gfD2Q=="],

    "@oxc-parser/binding-linux-arm64-gnu": ["@oxc-parser/binding-linux-arm64-gnu@0.74.0", "https://registry.npmmirror.com/@oxc-parser/binding-linux-arm64-gnu/-/binding-linux-arm64-gnu-0.74.0.tgz", { "os": "linux", "cpu": "arm64" }, "sha512-fcWyM7BNfCkHqIf3kll8fJctbR/PseL4RnS2isD9Y3FFBhp4efGAzhDaxIUK5GK7kIcFh1P+puIRig8WJ6IMVQ=="],

    "@oxc-parser/binding-linux-arm64-musl": ["@oxc-parser/binding-linux-arm64-musl@0.74.0", "https://registry.npmmirror.com/@oxc-parser/binding-linux-arm64-musl/-/binding-linux-arm64-musl-0.74.0.tgz", { "os": "linux", "cpu": "arm64" }, "sha512-AMY30z/C77HgiRRJX7YtVUaelKq1ex0aaj28XoJu4SCezdS8i0IftUNTtGS1UzGjGZB8zQz5SFwVy4dRu4GLwg=="],

    "@oxc-parser/binding-linux-riscv64-gnu": ["@oxc-parser/binding-linux-riscv64-gnu@0.74.0", "https://registry.npmmirror.com/@oxc-parser/binding-linux-riscv64-gnu/-/binding-linux-riscv64-gnu-0.74.0.tgz", { "os": "linux", "cpu": "none" }, "sha512-/RZAP24TgZo4vV/01TBlzRqs0R7E6xvatww4LnmZEBBulQBU/SkypDywfriFqWuFoa61WFXPV7sLcTjJGjim/w=="],

    "@oxc-parser/binding-linux-s390x-gnu": ["@oxc-parser/binding-linux-s390x-gnu@0.74.0", "https://registry.npmmirror.com/@oxc-parser/binding-linux-s390x-gnu/-/binding-linux-s390x-gnu-0.74.0.tgz", { "os": "linux", "cpu": "s390x" }, "sha512-620J1beNAlGSPBD+Msb3ptvrwxu04B8iULCH03zlf0JSLy/5sqlD6qBs0XUVkUJv1vbakUw1gfVnUQqv0UTuEg=="],

    "@oxc-parser/binding-linux-x64-gnu": ["@oxc-parser/binding-linux-x64-gnu@0.74.0", "https://registry.npmmirror.com/@oxc-parser/binding-linux-x64-gnu/-/binding-linux-x64-gnu-0.74.0.tgz", { "os": "linux", "cpu": "x64" }, "sha512-WBFgQmGtFnPNzHyLKbC1wkYGaRIBxXGofO0+hz1xrrkPgbxbJS1Ukva1EB8sPaVBBQ52Bdc2GjLSp721NWRvww=="],

    "@oxc-parser/binding-linux-x64-musl": ["@oxc-parser/binding-linux-x64-musl@0.74.0", "https://registry.npmmirror.com/@oxc-parser/binding-linux-x64-musl/-/binding-linux-x64-musl-0.74.0.tgz", { "os": "linux", "cpu": "x64" }, "sha512-y4mapxi0RGqlp3t6Sm+knJlAEqdKDYrEue2LlXOka/F2i4sRN0XhEMPiSOB3ppHmvK4I2zY2XBYTsX1Fel0fAg=="],

    "@oxc-parser/binding-wasm32-wasi": ["@oxc-parser/binding-wasm32-wasi@0.74.0", "https://registry.npmmirror.com/@oxc-parser/binding-wasm32-wasi/-/binding-wasm32-wasi-0.74.0.tgz", { "dependencies": { "@napi-rs/wasm-runtime": "^0.2.11" }, "cpu": "none" }, "sha512-yDS9bRDh5ymobiS2xBmjlrGdUuU61IZoJBaJC5fELdYT5LJNBXlbr3Yc6m2PWfRJwkH6Aq5fRvxAZ4wCbkGa8w=="],

    "@oxc-parser/binding-win32-arm64-msvc": ["@oxc-parser/binding-win32-arm64-msvc@0.74.0", "https://registry.npmmirror.com/@oxc-parser/binding-win32-arm64-msvc/-/binding-win32-arm64-msvc-0.74.0.tgz", { "os": "win32", "cpu": "arm64" }, "sha512-XFWY52Rfb4N5wEbMCTSBMxRkDLGbAI9CBSL24BIDywwDJMl31gHEVlmHdCDRoXAmanCI6gwbXYTrWe0HvXJ7Aw=="],

    "@oxc-parser/binding-win32-x64-msvc": ["@oxc-parser/binding-win32-x64-msvc@0.74.0", "https://registry.npmmirror.com/@oxc-parser/binding-win32-x64-msvc/-/binding-win32-x64-msvc-0.74.0.tgz", { "os": "win32", "cpu": "x64" }, "sha512-1D3x6iU2apLyfTQHygbdaNbX3nZaHu4yaXpD7ilYpoLo7f0MX0tUuoDrqJyJrVGqvyXgc0uz4yXz9tH9ZZhvvg=="],

    "@oxc-project/types": ["@oxc-project/types@0.74.0", "https://registry.npmmirror.com/@oxc-project/types/-/types-0.74.0.tgz", {}, "sha512-KOw/RZrVlHGhCXh1RufBFF7Nuo7HdY5w1lRJukM/igIl6x9qtz8QycDvZdzb4qnHO7znrPyo2sJrFJK2eKHgfQ=="],

    "@oxlint/darwin-arm64": ["@oxlint/darwin-arm64@1.6.0", "https://registry.npmmirror.com/@oxlint/darwin-arm64/-/darwin-arm64-1.6.0.tgz", { "os": "darwin", "cpu": "arm64" }, "sha512-m3wyqBh1TOHjpr/dXeIZY7OoX+MQazb+bMHQdDtwUvefrafUx+5YHRvulYh1sZSQ449nQ3nk3qj5qj535vZRjg=="],

    "@oxlint/darwin-x64": ["@oxlint/darwin-x64@1.6.0", "https://registry.npmmirror.com/@oxlint/darwin-x64/-/darwin-x64-1.6.0.tgz", { "os": "darwin", "cpu": "x64" }, "sha512-75fJfF/9xNypr7cnOYoZBhfmG1yP7ex3pUOeYGakmtZRffO9z1i1quLYhjZsmaDXsAIZ3drMhenYHMmFKS3SRg=="],

    "@oxlint/linux-arm64-gnu": ["@oxlint/linux-arm64-gnu@1.6.0", "https://registry.npmmirror.com/@oxlint/linux-arm64-gnu/-/linux-arm64-gnu-1.6.0.tgz", { "os": "linux", "cpu": "arm64" }, "sha512-YhXGf0FXa72bEt4F7eTVKx5X3zWpbAOPnaA/dZ6/g8tGhw1m9IFjrabVHFjzcx3dQny4MgA59EhyElkDvpUe8A=="],

    "@oxlint/linux-arm64-musl": ["@oxlint/linux-arm64-musl@1.6.0", "https://registry.npmmirror.com/@oxlint/linux-arm64-musl/-/linux-arm64-musl-1.6.0.tgz", { "os": "linux", "cpu": "arm64" }, "sha512-T3JDhx8mjGjvh5INsPZJrlKHmZsecgDYvtvussKRdkc1Nnn7WC+jH9sh5qlmYvwzvmetlPVNezAoNvmGO9vtMg=="],

    "@oxlint/linux-x64-gnu": ["@oxlint/linux-x64-gnu@1.6.0", "https://registry.npmmirror.com/@oxlint/linux-x64-gnu/-/linux-x64-gnu-1.6.0.tgz", { "os": "linux", "cpu": "x64" }, "sha512-Dx7ghtAl8aXBdqofJpi338At6lkeCtTfoinTYQXd9/TEJx+f+zCGNlQO6nJz3ydJBX48FDuOFKkNC+lUlWrd8w=="],

    "@oxlint/linux-x64-musl": ["@oxlint/linux-x64-musl@1.6.0", "https://registry.npmmirror.com/@oxlint/linux-x64-musl/-/linux-x64-musl-1.6.0.tgz", { "os": "linux", "cpu": "x64" }, "sha512-7KvMGdWmAZtAtg6IjoEJHKxTXdAcrHnUnqfgs0JpXst7trquV2mxBeRZusQXwxpu4HCSomKMvJfsp1qKaqSFDg=="],

    "@oxlint/win32-arm64": ["@oxlint/win32-arm64@1.6.0", "https://registry.npmmirror.com/@oxlint/win32-arm64/-/win32-arm64-1.6.0.tgz", { "os": "win32", "cpu": "arm64" }, "sha512-iSGC9RwX+dl7o5KFr5aH7Gq3nFbkq/3Gda6mxNPMvNkWrgXdIyiINxpyD8hJu566M+QSv1wEAu934BZotFDyoQ=="],

    "@oxlint/win32-x64": ["@oxlint/win32-x64@1.6.0", "https://registry.npmmirror.com/@oxlint/win32-x64/-/win32-x64-1.6.0.tgz", { "os": "win32", "cpu": "x64" }, "sha512-jOj3L/gfLc0IwgOTkZMiZ5c673i/hbAmidlaylT0gE6H18hln9HxPgp5GCf4E4y6mwEJlW8QC5hQi221+9otdA=="],

    "@prettier/plugin-oxc": ["@prettier/plugin-oxc@0.0.4", "https://registry.npmmirror.com/@prettier/plugin-oxc/-/plugin-oxc-0.0.4.tgz", { "dependencies": { "oxc-parser": "0.74.0" } }, "sha512-UGXe+g/rSRbglL0FOJiar+a+nUrst7KaFmsg05wYbKiInGWP6eAj/f8A2Uobgo5KxEtb2X10zeflNH6RK2xeIQ=="],

    "@prisma/client": ["@prisma/client@6.11.1", "https://registry.npmmirror.com/@prisma/client/-/client-6.11.1.tgz", { "peerDependencies": { "prisma": "*", "typescript": ">=5.1.0" }, "optionalPeers": ["prisma", "typescript"] }, "sha512-5CLFh8QP6KxRm83pJ84jaVCeSVPQr8k0L2SEtOJHwdkS57/VQDcI/wQpGmdyOZi+D9gdNabdo8tj1Uk+w+upsQ=="],

    "@prisma/config": ["@prisma/config@6.11.1", "https://registry.npmmirror.com/@prisma/config/-/config-6.11.1.tgz", { "dependencies": { "jiti": "2.4.2" } }, "sha512-z6rCTQN741wxDq82cpdzx2uVykpnQIXalLhrWQSR0jlBVOxCIkz3HZnd8ern3uYTcWKfB3IpVAF7K2FU8t/8AQ=="],

    "@prisma/debug": ["@prisma/debug@6.11.1", "https://registry.npmmirror.com/@prisma/debug/-/debug-6.11.1.tgz", {}, "sha512-lWRb/YSWu8l4Yum1UXfGLtqFzZkVS2ygkWYpgkbgMHn9XJlMITIgeMvJyX5GepChzhmxuSuiq/MY/kGFweOpGw=="],

    "@prisma/engines": ["@prisma/engines@6.11.1", "https://registry.npmmirror.com/@prisma/engines/-/engines-6.11.1.tgz", { "dependencies": { "@prisma/debug": "6.11.1", "@prisma/engines-version": "6.11.1-1.f40f79ec31188888a2e33acda0ecc8fd10a853a9", "@prisma/fetch-engine": "6.11.1", "@prisma/get-platform": "6.11.1" } }, "sha512-6eKEcV6V8W2eZAUwX2xTktxqPM4vnx3sxz3SDtpZwjHKpC6lhOtc4vtAtFUuf5+eEqBk+dbJ9Dcaj6uQU+FNNg=="],

    "@prisma/engines-version": ["@prisma/engines-version@6.11.1-1.f40f79ec31188888a2e33acda0ecc8fd10a853a9", "https://registry.npmmirror.com/@prisma/engines-version/-/engines-version-6.11.1-1.f40f79ec31188888a2e33acda0ecc8fd10a853a9.tgz", {}, "sha512-swFJTOOg4tHyOM1zB/pHb3MeH0i6t7jFKn5l+ZsB23d9AQACuIRo9MouvuKGvnDogzkcjbWnXi/NvOZ0+n5Jfw=="],

    "@prisma/fetch-engine": ["@prisma/fetch-engine@6.11.1", "https://registry.npmmirror.com/@prisma/fetch-engine/-/fetch-engine-6.11.1.tgz", { "dependencies": { "@prisma/debug": "6.11.1", "@prisma/engines-version": "6.11.1-1.f40f79ec31188888a2e33acda0ecc8fd10a853a9", "@prisma/get-platform": "6.11.1" } }, "sha512-NBYzmkXTkj9+LxNPRSndaAeALOL1Gr3tjvgRYNqruIPlZ6/ixLeuE/5boYOewant58tnaYFZ5Ne0jFBPfGXHpQ=="],

    "@prisma/get-platform": ["@prisma/get-platform@6.11.1", "https://registry.npmmirror.com/@prisma/get-platform/-/get-platform-6.11.1.tgz", { "dependencies": { "@prisma/debug": "6.11.1" } }, "sha512-b2Z8oV2gwvdCkFemBTFd0x4lsL4O2jLSx8lB7D+XqoFALOQZPa7eAPE1NU0Mj1V8gPHRxIsHnyUNtw2i92psUw=="],

    "@scure/base": ["@scure/base@1.2.6", "https://registry.npmmirror.com/@scure/base/-/base-1.2.6.tgz", {}, "sha512-g/nm5FgUa//MCj1gV09zTJTaM6KBAHqLN907YVQqf7zC49+DcO4B1so4ZX07Ef10Twr6nuqYEH9GEggFXA4Fmg=="],

    "@tsconfig/bun": ["@tsconfig/bun@1.0.8", "https://registry.npmmirror.com/@tsconfig/bun/-/bun-1.0.8.tgz", {}, "sha512-JlJaRaS4hBTypxtFe8WhnwV8blf0R+3yehLk8XuyxUYNx6VXsKCjACSCvOYEFUiqlhlBWxtYCn/zRlOb8BzBQg=="],

    "@tybys/wasm-util": ["@tybys/wasm-util@0.10.0", "https://registry.npmmirror.com/@tybys/wasm-util/-/wasm-util-0.10.0.tgz", { "dependencies": { "tslib": "^2.4.0" } }, "sha512-VyyPYFlOMNylG45GoAe0xDoLwWuowvf92F9kySqzYh8vmYm7D2u4iUJKa1tOUpS70Ku13ASrOkS4ScXFsTaCNQ=="],

    "@types/bun": ["@types/bun@1.2.18", "https://registry.npmmirror.com/@types/bun/-/bun-1.2.18.tgz", { "dependencies": { "bun-types": "1.2.18" } }, "sha512-Xf6RaWVheyemaThV0kUfaAUvCNokFr+bH8Jxp+tTZfx7dAPA8z9ePnP9S9+Vspzuxxx9JRAXhnyccRj3GyCMdQ=="],

    "@types/node": ["@types/node@24.0.8", "https://registry.npmmirror.com/@types/node/-/node-24.0.8.tgz", { "dependencies": { "undici-types": "~7.8.0" } }, "sha512-WytNrFSgWO/esSH9NbpWUfTMGQwCGIKfCmNlmFDNiI5gGhgMmEA+V1AEvKLeBNvvtBnailJtkrEa2OIISwrVAA=="],

    "@types/react": ["@types/react@19.1.8", "https://registry.npmmirror.com/@types/react/-/react-19.1.8.tgz", { "dependencies": { "csstype": "^3.0.2" } }, "sha512-AwAfQ2Wa5bCx9WP8nZL2uMZWod7J7/JSplxbTmBQ5ms6QpqNYm672H0Vu9ZVKVngQ+ii4R/byguVEUZQyeg44g=="],

    "bun-types": ["bun-types@1.2.18", "https://registry.npmmirror.com/bun-types/-/bun-types-1.2.18.tgz", { "dependencies": { "@types/node": "*" }, "peerDependencies": { "@types/react": "^19" } }, "sha512-04+Eha5NP7Z0A9YgDAzMk5PHR16ZuLVa83b26kH5+cp1qZW4F6FmAURngE7INf4tKOvCE69vYvDEwoNl1tGiWw=="],

    "csstype": ["csstype@3.1.3", "https://registry.npmmirror.com/csstype/-/csstype-3.1.3.tgz", {}, "sha512-M1uQkMl8rQK/szD0LNhtqxIPLpimGm8sOBwU7lLnCpSbTyY3yeU1Vc7l4KT5zT4s/yOxHH5O7tIuuLOCnLADRw=="],

    "date-fns": ["date-fns@4.1.0", "https://registry.npmmirror.com/date-fns/-/date-fns-4.1.0.tgz", {}, "sha512-Ukq0owbQXxa/U3EGtsdVBkR1w7KOQ5gIBqdH2hkvknzZPYvBxb/aa6E8L7tmjFtkwZBu3UXBbjIgPo/Ez4xaNg=="],

    "destr": ["destr@2.0.5", "https://registry.npmmirror.com/destr/-/destr-2.0.5.tgz", {}, "sha512-ugFTXCtDZunbzasqBxrK93Ik/DRYsO6S/fedkWEMKqt04xZ4csmnmwGDBAb07QWNaGMAmnTIemsYZCksjATwsA=="],

    "emittery": ["emittery@1.2.0", "https://registry.npmmirror.com/emittery/-/emittery-1.2.0.tgz", {}, "sha512-KxdRyyFcS85pH3dnU8Y5yFUm2YJdaHwcBZWrfG8o89ZY9a13/f9itbN+YG3ELbBo9Pg5zvIozstmuV8bX13q6g=="],

    "hono": ["hono@4.8.4", "https://registry.npmmirror.com/hono/-/hono-4.8.4.tgz", {}, "sha512-KOIBp1+iUs0HrKztM4EHiB2UtzZDTBihDtOF5K6+WaJjCPeaW4Q92R8j63jOhvJI5+tZSMuKD9REVEXXY9illg=="],

    "jiti": ["jiti@2.4.2", "https://registry.npmmirror.com/jiti/-/jiti-2.4.2.tgz", { "bin": { "jiti": "lib/jiti-cli.mjs" } }, "sha512-rg9zJN+G4n2nfJl5MW3BMygZX56zKPNVEYYqq7adpmMh4Jn2QNEwhvQlFy6jPVdcod7txZtKHWnyZiA3a0zP7A=="],

    "lru-cache": ["lru-cache@11.1.0", "https://registry.npmmirror.com/lru-cache/-/lru-cache-11.1.0.tgz", {}, "sha512-QIXZUBJUx+2zHUdQujWejBkcD9+cs94tLn0+YL8UrCh+D5sCXZ4c7LaEH48pNwRY3MLDgqUFyhlCyjJPf1WP0A=="],

    "node-fetch-native": ["node-fetch-native@1.6.6", "https://registry.npmmirror.com/node-fetch-native/-/node-fetch-native-1.6.6.tgz", {}, "sha512-8Mc2HhqPdlIfedsuZoc3yioPuzp6b+L5jRCRY1QzuWZh2EGJVQrGppC6V6cF0bLdbW0+O2YpqCA25aF/1lvipQ=="],

    "ofetch": ["ofetch@1.4.1", "https://registry.npmmirror.com/ofetch/-/ofetch-1.4.1.tgz", { "dependencies": { "destr": "^2.0.3", "node-fetch-native": "^1.6.4", "ufo": "^1.5.4" } }, "sha512-QZj2DfGplQAr2oj9KzceK9Hwz6Whxazmn85yYeVuS3u9XTMOGMRx0kO95MQ+vLsj/S/NwBDMMLU5hpxvI6Tklw=="],

    "oxc-parser": ["oxc-parser@0.74.0", "https://registry.npmmirror.com/oxc-parser/-/oxc-parser-0.74.0.tgz", { "dependencies": { "@oxc-project/types": "^0.74.0" }, "optionalDependencies": { "@oxc-parser/binding-android-arm64": "0.74.0", "@oxc-parser/binding-darwin-arm64": "0.74.0", "@oxc-parser/binding-darwin-x64": "0.74.0", "@oxc-parser/binding-freebsd-x64": "0.74.0", "@oxc-parser/binding-linux-arm-gnueabihf": "0.74.0", "@oxc-parser/binding-linux-arm-musleabihf": "0.74.0", "@oxc-parser/binding-linux-arm64-gnu": "0.74.0", "@oxc-parser/binding-linux-arm64-musl": "0.74.0", "@oxc-parser/binding-linux-riscv64-gnu": "0.74.0", "@oxc-parser/binding-linux-s390x-gnu": "0.74.0", "@oxc-parser/binding-linux-x64-gnu": "0.74.0", "@oxc-parser/binding-linux-x64-musl": "0.74.0", "@oxc-parser/binding-wasm32-wasi": "0.74.0", "@oxc-parser/binding-win32-arm64-msvc": "0.74.0", "@oxc-parser/binding-win32-x64-msvc": "0.74.0" } }, "sha512-2tDN/ttU8WE6oFh8EzKNam7KE7ZXSG5uXmvX85iNzxdJfMssDWcj3gpYzZi1E04XuE7m3v1dVWl/8BE886vPGw=="],

    "oxlint": ["oxlint@1.6.0", "https://registry.npmmirror.com/oxlint/-/oxlint-1.6.0.tgz", { "optionalDependencies": { "@oxlint/darwin-arm64": "1.6.0", "@oxlint/darwin-x64": "1.6.0", "@oxlint/linux-arm64-gnu": "1.6.0", "@oxlint/linux-arm64-musl": "1.6.0", "@oxlint/linux-x64-gnu": "1.6.0", "@oxlint/linux-x64-musl": "1.6.0", "@oxlint/win32-arm64": "1.6.0", "@oxlint/win32-x64": "1.6.0" }, "bin": { "oxlint": "bin/oxlint", "oxc_language_server": "bin/oxc_language_server" } }, "sha512-jtaD65PqzIa1udvSxxscTKBxYKuZoFXyKGLiU1Qjo1ulq3uv/fQDtoV1yey1FrQZrQjACGPi1Widsy1TucC7Jg=="],

    "prettier": ["prettier@3.6.2", "https://registry.npmmirror.com/prettier/-/prettier-3.6.2.tgz", { "bin": { "prettier": "bin/prettier.cjs" } }, "sha512-I7AIg5boAr5R0FFtJ6rCfD+LFsWHp81dolrFD8S79U9tb8Az2nGrJncnMSnys+bpQJfRUzqs9hnA81OAA3hCuQ=="],

    "prisma": ["prisma@6.11.1", "https://registry.npmmirror.com/prisma/-/prisma-6.11.1.tgz", { "dependencies": { "@prisma/config": "6.11.1", "@prisma/engines": "6.11.1" }, "peerDependencies": { "typescript": ">=5.1.0" }, "optionalPeers": ["typescript"], "bin": { "prisma": "build/index.js" } }, "sha512-VzJToRlV0s9Vu2bfqHiRJw73hZNCG/AyJeX+kopbu4GATTjTUdEWUteO3p4BLYoHpMS4o8pD3v6tF44BHNZI1w=="],

    "radashi": ["radashi@12.6.0", "https://registry.npmmirror.com/radashi/-/radashi-12.6.0.tgz", {}, "sha512-nJcpgS3La+yRlxm4bLjCcjsi1G5VeOycSo8nt5BzSEDWqSY0XNAUAwckvCa8uMHXtZqCK8fntJPXPlLve+vKhA=="],

    "tslib": ["tslib@2.8.1", "https://registry.npmmirror.com/tslib/-/tslib-2.8.1.tgz", {}, "sha512-oJFu94HQb+KVduSUQL7wnpmqnfmLsOA/nAh6b6EH0wCEoK0/mPeXU6c3wKDV83MkOuHPRHtSXKKU99IBazS/2w=="],

    "ufo": ["ufo@1.6.1", "https://registry.npmmirror.com/ufo/-/ufo-1.6.1.tgz", {}, "sha512-9a4/uxlTWJ4+a5i0ooc1rU7C7YOw3wT+UGqdeNNHWnOF9qcMBgLRS+4IYUqbczewFx4mLEig6gawh7X6mFlEkA=="],

    "undici-types": ["undici-types@7.8.0", "https://registry.npmmirror.com/undici-types/-/undici-types-7.8.0.tgz", {}, "sha512-9UJ2xGDvQ43tYyVMpuHlsgApydB8ZKfVYTsLDhXkFL/6gfkp+U8xTGdh8pMJv1SpZna0zxG1DwsKZsreLbXBxw=="],

    "uuid": ["uuid@11.1.0", "https://registry.npmmirror.com/uuid/-/uuid-11.1.0.tgz", { "bin": { "uuid": "dist/esm/bin/uuid" } }, "sha512-0/A9rDy9P7cJ+8w1c9WD9V//9Wj15Ce2MPz8Ri6032usz+NfePxx5AcN3bN+r6ZL6jEo066/yNYB3tn4pQEx+A=="],

    "zod": ["zod@4.0.5", "https://registry.npmmirror.com/zod/-/zod-4.0.5.tgz", {}, "sha512-/5UuuRPStvHXu7RS+gmvRf4NXrNxpSllGwDnCBcJZtQsKrviYXm54yDGV2KYNLT5kq0lHGcl7lqWJLgSaG+tgA=="],
  }
}
